lockfileVersion: '6.0'

settings:
  autoInstallPeers: true
  excludeLinksFromLockfile: false

dependencies:
  cheerio:
    specifier: ^1.0.0-rc.12
    version: 1.0.0-rc.12
  hono:
    specifier: ^2.7.2
    version: 2.7.8
  node-fetch:
    specifier: ^3.3.0
    version: 3.3.2
  request:
    specifier: ^2.88.2
    version: 2.88.2
  wrangler:
    specifier: ^3.14.0
    version: 3.14.0

devDependencies:
  vitest:
    specifier: ^0.27.1
    version: 0.27.3

packages:

  /@cloudflare/kv-asset-handler@0.2.0:
    resolution: {integrity: sha1-yZWbvXocQL18Z0ra6YqoyNDlymg=}
    dependencies:
      mime: 3.0.0
    dev: false

  /@cloudflare/workerd-darwin-64@1.20231016.0:
    resolution: {integrity: sha1-rUreGiiUyDDqjf+HsXECxkMkoSM=}
    engines: {node: '>=16'}
    cpu: [x64]
    os: [darwin]
    requiresBuild: true
    dev: false
    optional: true

  /@cloudflare/workerd-darwin-arm64@1.20231016.0:
    resolution: {integrity: sha1-QdGpitADDdXGeWuer1Vqtj2Zt1I=}
    engines: {node: '>=16'}
    cpu: [arm64]
    os: [darwin]
    requiresBuild: true
    dev: false
    optional: true

  /@cloudflare/workerd-linux-64@1.20231016.0:
    resolution: {integrity: sha1-Xd8lPFHOrUe8YA6r+OylnDgzQKg=}
    engines: {node: '>=16'}
    cpu: [x64]
    os: [linux]
    requiresBuild: true
    dev: false
    optional: true

  /@cloudflare/workerd-linux-arm64@1.20231016.0:
    resolution: {integrity: sha1-Lh90iqn3cCqt8tScRHeM2xgmIk4=}
    engines: {node: '>=16'}
    cpu: [arm64]
    os: [linux]
    requiresBuild: true
    dev: false
    optional: true

  /@cloudflare/workerd-windows-64@1.20231016.0:
    resolution: {integrity: sha1-VW2h2MG3QbK6Zqsw7M/GfaTQDto=}
    engines: {node: '>=16'}
    cpu: [x64]
    os: [win32]
    requiresBuild: true
    dev: false
    optional: true

  /@esbuild-plugins/node-globals-polyfill@0.2.3(esbuild@0.17.19):
    resolution: {integrity: sha1-DkSXorU8npSF4Um8kt2yKEONa88=}
    peerDependencies:
      esbuild: '*'
    dependencies:
      esbuild: 0.17.19
    dev: false

  /@esbuild-plugins/node-modules-polyfill@0.2.2(esbuild@0.17.19):
    resolution: {integrity: sha1-zvo9wL0cFid6gzi1KDNCDJSYcyc=}
    peerDependencies:
      esbuild: '*'
    dependencies:
      esbuild: 0.17.19
      escape-string-regexp: 4.0.0
      rollup-plugin-node-polyfills: 0.2.1
    dev: false

  /@esbuild/android-arm64@0.17.19:
    resolution: {integrity: sha1-uvt1I0pdPRtpDnwpVqWZNF6Eov0=}
    engines: {node: '>=12'}
    cpu: [arm64]
    os: [android]
    requiresBuild: true
    dev: false
    optional: true

  /@esbuild/android-arm64@0.18.20:
    resolution: {integrity: sha1-mEtPnI0Dd0Q8wt/O8mbQIkRZNiI=}
    engines: {node: '>=12'}
    cpu: [arm64]
    os: [android]
    requiresBuild: true
    dev: true
    optional: true

  /@esbuild/android-arm@0.17.19:
    resolution: {integrity: sha1-WJj3gywimLx9CrU3AcV763TXi00=}
    engines: {node: '>=12'}
    cpu: [arm]
    os: [android]
    requiresBuild: true
    dev: false
    optional: true

  /@esbuild/android-arm@0.18.20:
    resolution: {integrity: sha1-/tsmW8OlichMwR+BCATyNJR8NoI=}
    engines: {node: '>=12'}
    cpu: [arm]
    os: [android]
    requiresBuild: true
    dev: true
    optional: true

  /@esbuild/android-x64@0.17.19:
    resolution: {integrity: sha1-ZYNo75IGeGbZX7JocZ+Y82PROuE=}
    engines: {node: '>=12'}
    cpu: [x64]
    os: [android]
    requiresBuild: true
    dev: false
    optional: true

  /@esbuild/android-x64@0.18.20:
    resolution: {integrity: sha1-Nc9BnEz8i6voiT0pbNmQ6en3VvI=}
    engines: {node: '>=12'}
    cpu: [x64]
    os: [android]
    requiresBuild: true
    dev: true
    optional: true

  /@esbuild/darwin-arm64@0.17.19:
    resolution: {integrity: sha1-WEw0xZkbldTUjTMzALGk4v974nY=}
    engines: {node: '>=12'}
    cpu: [arm64]
    os: [darwin]
    requiresBuild: true
    dev: false
    optional: true

  /@esbuild/darwin-arm64@0.18.20:
    resolution: {integrity: sha1-CBcsvsz5X7w4M5mn85z73a6w18E=}
    engines: {node: '>=12'}
    cpu: [arm64]
    os: [darwin]
    requiresBuild: true
    dev: true
    optional: true

  /@esbuild/darwin-x64@0.17.19:
    resolution: {integrity: sha1-d1HSNt/mzhNszjQ9zmn1LXa39ss=}
    engines: {node: '>=12'}
    cpu: [x64]
    os: [darwin]
    requiresBuild: true
    dev: false
    optional: true

  /@esbuild/darwin-x64@0.18.20:
    resolution: {integrity: sha1-1w1XkNi/R1VWtn0Pi3xb3/BT2F0=}
    engines: {node: '>=12'}
    cpu: [x64]
    os: [darwin]
    requiresBuild: true
    dev: true
    optional: true

  /@esbuild/freebsd-arm64@0.17.19:
    resolution: {integrity: sha1-ys0XFmXdHVAPRcFn1QxrflOdX9I=}
    engines: {node: '>=12'}
    cpu: [arm64]
    os: [freebsd]
    requiresBuild: true
    dev: false
    optional: true

  /@esbuild/freebsd-arm64@0.18.20:
    resolution: {integrity: sha1-mHVc0ScH+T8hDiSU1qS1G5aXf1Q=}
    engines: {node: '>=12'}
    cpu: [arm64]
    os: [freebsd]
    requiresBuild: true
    dev: true
    optional: true

  /@esbuild/freebsd-x64@0.17.19:
    resolution: {integrity: sha1-B2lFbu4qCLjZJdfAC3noYcsxYuQ=}
    engines: {node: '>=12'}
    cpu: [x64]
    os: [freebsd]
    requiresBuild: true
    dev: false
    optional: true

  /@esbuild/freebsd-x64@0.18.20:
    resolution: {integrity: sha1-wesr/wORX4fCnOzkwaf6H0I7Bm4=}
    engines: {node: '>=12'}
    cpu: [x64]
    os: [freebsd]
    requiresBuild: true
    dev: true
    optional: true

  /@esbuild/linux-arm64@0.17.19:
    resolution: {integrity: sha1-OOFi7Lcjhixr4cJ9Y4n0iWC2jts=}
    engines: {node: '>=12'}
    cpu: [arm64]
    os: [linux]
    requiresBuild: true
    dev: false
    optional: true

  /@esbuild/linux-arm64@0.18.20:
    resolution: {integrity: sha1-utQji9j0/CW1oCEoDHcKtfw6AqA=}
    engines: {node: '>=12'}
    cpu: [arm64]
    os: [linux]
    requiresBuild: true
    dev: true
    optional: true

  /@esbuild/linux-arm@0.17.19:
    resolution: {integrity: sha1-GizTmcUAQBhKgFF0ptiQl9nRVZo=}
    engines: {node: '>=12'}
    cpu: [arm]
    os: [linux]
    requiresBuild: true
    dev: false
    optional: true

  /@esbuild/linux-arm@0.18.20:
    resolution: {integrity: sha1-PmF8YfM1CKJxUO5BdUPIq1rMc7A=}
    engines: {node: '>=12'}
    cpu: [arm]
    os: [linux]
    requiresBuild: true
    dev: true
    optional: true

  /@esbuild/linux-ia32@0.17.19:
    resolution: {integrity: sha1-4owlJmsDbOHKvKPDAVUiKEHcA1o=}
    engines: {node: '>=12'}
    cpu: [ia32]
    os: [linux]
    requiresBuild: true
    dev: false
    optional: true

  /@esbuild/linux-ia32@0.18.20:
    resolution: {integrity: sha1-aZORzMupruYBm3+YkuuZIZ8VcKc=}
    engines: {node: '>=12'}
    cpu: [ia32]
    os: [linux]
    requiresBuild: true
    dev: true
    optional: true

  /@esbuild/linux-loong64@0.17.19:
    resolution: {integrity: sha1-D4h7i7P5BljRoBFyg+VdvUydz3I=}
    engines: {node: '>=12'}
    cpu: [loong64]
    os: [linux]
    requiresBuild: true
    dev: false
    optional: true

  /@esbuild/linux-loong64@0.18.20:
    resolution: {integrity: sha1-5vzLeqwXjdL/uYYEZayJ1/I7l30=}
    engines: {node: '>=12'}
    cpu: [loong64]
    os: [linux]
    requiresBuild: true
    dev: true
    optional: true

  /@esbuild/linux-mips64el@0.17.19:
    resolution: {integrity: sha1-9dKguAR+qaXZ9ZKheOoFQFOnAok=}
    engines: {node: '>=12'}
    cpu: [mips64el]
    os: [linux]
    requiresBuild: true
    dev: false
    optional: true

  /@esbuild/linux-mips64el@0.18.20:
    resolution: {integrity: sha1-7v86k33pwjEN4wYiqVetG9kYMjE=}
    engines: {node: '>=12'}
    cpu: [mips64el]
    os: [linux]
    requiresBuild: true
    dev: true
    optional: true

  /@esbuild/linux-ppc64@0.17.19:
    resolution: {integrity: sha1-h2WQ46y9n6f1eix9hvg3F9u6yMc=}
    engines: {node: '>=12'}
    cpu: [ppc64]
    os: [linux]
    requiresBuild: true
    dev: false
    optional: true

  /@esbuild/linux-ppc64@0.18.20:
    resolution: {integrity: sha1-L3FWveILAVJ5k+aIFDWtebqVmfs=}
    engines: {node: '>=12'}
    cpu: [ppc64]
    os: [linux]
    requiresBuild: true
    dev: true
    optional: true

  /@esbuild/linux-riscv64@0.17.19:
    resolution: {integrity: sha1-f0k3PfRjzZ9B3DT5siYtdxaIvwk=}
    engines: {node: '>=12'}
    cpu: [riscv64]
    os: [linux]
    requiresBuild: true
    dev: false
    optional: true

  /@esbuild/linux-riscv64@0.18.20:
    resolution: {integrity: sha1-Zig4nyEBI9i0dDBFr4yqfU3fx6Y=}
    engines: {node: '>=12'}
    cpu: [riscv64]
    os: [linux]
    requiresBuild: true
    dev: true
    optional: true

  /@esbuild/linux-s390x@0.17.19:
    resolution: {integrity: sha1-4q/Rr8r2Ov4sfZzqzSjsV8d/iCk=}
    engines: {node: '>=12'}
    cpu: [s390x]
    os: [linux]
    requiresBuild: true
    dev: false
    optional: true

  /@esbuild/linux-s390x@0.18.20:
    resolution: {integrity: sha1-JV6B+yibEBAmExhYq5n7pj3PAHE=}
    engines: {node: '>=12'}
    cpu: [s390x]
    os: [linux]
    requiresBuild: true
    dev: true
    optional: true

  /@esbuild/linux-x64@0.17.19:
    resolution: {integrity: sha1-ig6XOLFjXwxTOJ5RWug4Jt7CKqQ=}
    engines: {node: '>=12'}
    cpu: [x64]
    os: [linux]
    requiresBuild: true
    dev: false
    optional: true

  /@esbuild/linux-x64@0.18.20:
    resolution: {integrity: sha1-x2kLNBevMYqbb5bfMDGohlF20zg=}
    engines: {node: '>=12'}
    cpu: [x64]
    os: [linux]
    requiresBuild: true
    dev: true
    optional: true

  /@esbuild/netbsd-x64@0.17.19:
    resolution: {integrity: sha1-wp+yRTxrfd75o14sGLN72hrlxGI=}
    engines: {node: '>=12'}
    cpu: [x64]
    os: [netbsd]
    requiresBuild: true
    dev: false
    optional: true

  /@esbuild/netbsd-x64@0.18.20:
    resolution: {integrity: sha1-MOjNij3e1jl14t8kOMoQlgHr4NE=}
    engines: {node: '>=12'}
    cpu: [x64]
    os: [netbsd]
    requiresBuild: true
    dev: true
    optional: true

  /@esbuild/openbsd-x64@0.17.19:
    resolution: {integrity: sha1-ledaORQDyxApcoDVJNZs4EySBpE=}
    engines: {node: '>=12'}
    cpu: [x64]
    os: [openbsd]
    requiresBuild: true
    dev: false
    optional: true

  /@esbuild/openbsd-x64@0.18.20:
    resolution: {integrity: sha1-eBKvMbIFBVh0yAguqc+asNpiF64=}
    engines: {node: '>=12'}
    cpu: [x64]
    os: [openbsd]
    requiresBuild: true
    dev: true
    optional: true

  /@esbuild/sunos-x64@0.17.19:
    resolution: {integrity: sha1-ci6vBXuDwldZN9P/5a6xZUDacnM=}
    engines: {node: '>=12'}
    cpu: [x64]
    os: [sunos]
    requiresBuild: true
    dev: false
    optional: true

  /@esbuild/sunos-x64@0.18.20:
    resolution: {integrity: sha1-1cJ1w7TnPJsOzTjRymLAIPiHq50=}
    engines: {node: '>=12'}
    cpu: [x64]
    os: [sunos]
    requiresBuild: true
    dev: true
    optional: true

  /@esbuild/win32-arm64@0.17.19:
    resolution: {integrity: sha1-mqncB0OZKIvc3Sg0Q+mutrlVK28=}
    engines: {node: '>=12'}
    cpu: [arm64]
    os: [win32]
    requiresBuild: true
    dev: false
    optional: true

  /@esbuild/win32-arm64@0.18.20:
    resolution: {integrity: sha1-c7x/Wp+Kd4BfNX+rl/KQ0OSCCsk=}
    engines: {node: '>=12'}
    cpu: [arm64]
    os: [win32]
    requiresBuild: true
    dev: true
    optional: true

  /@esbuild/win32-ia32@0.17.19:
    resolution: {integrity: sha1-la1DxirWJIXiEPYpnHslceSNKwM=}
    engines: {node: '>=12'}
    cpu: [ia32]
    os: [win32]
    requiresBuild: true
    dev: false
    optional: true

  /@esbuild/win32-ia32@0.18.20:
    resolution: {integrity: sha1-7JPL8O8QhcwS5x4NZh0gVp/0IQI=}
    engines: {node: '>=12'}
    cpu: [ia32]
    os: [win32]
    requiresBuild: true
    dev: true
    optional: true

  /@esbuild/win32-x64@0.17.19:
    resolution: {integrity: sha1-jPry/2A+mqu5EOnAVYwmzzJ0QGE=}
    engines: {node: '>=12'}
    cpu: [x64]
    os: [win32]
    requiresBuild: true
    dev: false
    optional: true

  /@esbuild/win32-x64@0.18.20:
    resolution: {integrity: sha1-eGxfQfBDsHr7GvN2g9fDNmiFj20=}
    engines: {node: '>=12'}
    cpu: [x64]
    os: [win32]
    requiresBuild: true
    dev: true
    optional: true

  /@fastify/busboy@2.0.0:
    resolution: {integrity: sha1-8igkyv865Qaxgge61BJtvGzNtrg=}
    engines: {node: '>=14'}
    dev: false

  /@types/chai-subset@1.3.4:
    resolution: {integrity: sha1-eTj6kp3RLbRRRX5Nb6onvNWZpyk=}
    dependencies:
      '@types/chai': 4.3.9
    dev: true

  /@types/chai@4.3.9:
    resolution: {integrity: sha1-FE12JJGWfbjG3qOOA9IgbCYj/uw=}
    dev: true

  /@types/node@20.8.8:
    resolution: {integrity: sha1-re4FC0IgYa1SVfw4/3Gyu5bqKg4=}
    dependencies:
      undici-types: 5.25.3
    dev: true

  /acorn-walk@8.2.0:
    resolution: {integrity: sha1-dBIQ8uJCZFRQiFOi9E0KuDt/acE=}
    engines: {node: '>=0.4.0'}

  /acorn@8.10.0:
    resolution: {integrity: sha1-i+WzkHpnIhqBqyPHiJxMVSa2LsU=}
    engines: {node: '>=0.4.0'}
    hasBin: true

  /ajv@6.12.6:
    resolution: {integrity: sha1-uvWmLoArB9l3A0WG+MO69a3ybfQ=}
    dependencies:
      fast-deep-equal: 3.1.3
      fast-json-stable-stringify: 2.1.0
      json-schema-traverse: 0.4.1
      uri-js: 4.4.1
    dev: false

  /anymatch@3.1.3:
    resolution: {integrity: sha1-eQxYsZuhcgqEIFtXxhjVrYUklz4=}
    engines: {node: '>= 8'}
    dependencies:
      normalize-path: 3.0.0
      picomatch: 2.3.1
    dev: false

  /as-table@1.0.55:
    resolution: {integrity: sha1-3JhNo5N3Rd6QLOodRYQ8Ab277E8=}
    dependencies:
      printable-characters: 1.0.42
    dev: false

  /asn1@0.2.6:
    resolution: {integrity: sha1-DTp7tuZOAqkMAwOzHykoaOoJoI0=}
    dependencies:
      safer-buffer: 2.1.2
    dev: false

  /assert-plus@1.0.0:
    resolution: {integrity: sha1-8S4PPF13sLHN2RRpQuTpbB5N1SU=}
    engines: {node: '>=0.8'}
    dev: false

  /assertion-error@1.1.0:
    resolution: {integrity: sha1-5gtrDo8wG9l+U3UhW9pAbIURjAs=}
    dev: true

  /asynckit@0.4.0:
    resolution: {integrity: sha1-x57Zf380y48robyXkLzDZkdLS3k=}
    dev: false

  /aws-sign2@0.7.0:
    resolution: {integrity: sha1-tG6JCTSpWR8tL2+G1+ap8bP+dqg=}
    dev: false

  /aws4@1.12.0:
    resolution: {integrity: sha1-zhydFDOJZ54lOzFCQeqapc7JgNM=}
    dev: false

  /bcrypt-pbkdf@1.0.2:
    resolution: {integrity: sha1-pDAdOJtqQ/m2f/PKEaP2Y342Dp4=}
    dependencies:
      tweetnacl: 0.14.5
    dev: false

  /binary-extensions@2.2.0:
    resolution: {integrity: sha1-dfUC7q+f/eQvyYgpZFvk6na9ni0=}
    engines: {node: '>=8'}
    dev: false

  /blake3-wasm@2.1.5:
    resolution: {integrity: sha1-si27hLyUGe0BWcqnavSxsTLmulI=}
    dev: false

  /boolbase@1.0.0:
    resolution: {integrity: sha1-aN/1++YMUes3cl6p4+0xDcwed24=}
    dev: false

  /braces@3.0.2:
    resolution: {integrity: sha1-NFThpGLujVmeI23zNs2epPiv4Qc=}
    engines: {node: '>=8'}
    dependencies:
      fill-range: 7.0.1
    dev: false

  /buffer-from@1.1.2:
    resolution: {integrity: sha1-KxRqb9cugLT1XSVfNe1Zo6mkG9U=}

  /cac@6.7.14:
    resolution: {integrity: sha1-gE4eb1Bu42PLDjzLsJytXdmHCVk=}
    engines: {node: '>=8'}
    dev: true

  /capnp-ts@0.7.0:
    resolution: {integrity: sha1-Fv2OdrZn0AKvj89L+SvxXRp7VKk=}
    dependencies:
      debug: 4.3.4
      tslib: 2.6.2
    transitivePeerDependencies:
      - supports-color
    dev: false

  /caseless@0.12.0:
    resolution: {integrity: sha1-G2gcIf+EAzyCZUMJBolCDRhxUdw=}
    dev: false

  /chai@4.3.10:
    resolution: {integrity: sha1-14TOxjXjt+L/tmRGpjtOM705A4Q=}
    engines: {node: '>=4'}
    dependencies:
      assertion-error: 1.1.0
      check-error: 1.0.3
      deep-eql: 4.1.3
      get-func-name: 2.0.2
      loupe: 2.3.7
      pathval: 1.1.1
      type-detect: 4.0.8
    dev: true

  /check-error@1.0.3:
    resolution: {integrity: sha1-plAuQxKn7pafZG6Duz3dVigb1pQ=}
    dependencies:
      get-func-name: 2.0.2
    dev: true

  /cheerio-select@2.1.0:
    resolution: {integrity: sha1-TYZzKGuBJsoqjkJ0DV48SISuIbQ=}
    dependencies:
      boolbase: 1.0.0
      css-select: 5.1.0
      css-what: 6.1.0
      domelementtype: 2.3.0
      domhandler: 5.0.3
      domutils: 3.1.0
    dev: false

  /cheerio@1.0.0-rc.12:
    resolution: {integrity: sha1-eIv3RmUGsca/X65R0kosTWLkdoM=}
    engines: {node: '>= 6'}
    dependencies:
      cheerio-select: 2.1.0
      dom-serializer: 2.0.0
      domhandler: 5.0.3
      domutils: 3.1.0
      htmlparser2: 8.0.2
      parse5: 7.1.2
      parse5-htmlparser2-tree-adapter: 7.0.0
    dev: false

  /chokidar@3.5.3:
    resolution: {integrity: sha1-HPN8hwe5Mr0a8a4iwEMuKs0ZA70=}
    engines: {node: '>= 8.10.0'}
    dependencies:
      anymatch: 3.1.3
      braces: 3.0.2
      glob-parent: 5.1.2
      is-binary-path: 2.1.0
      is-glob: 4.0.3
      normalize-path: 3.0.0
      readdirp: 3.6.0
    optionalDependencies:
      fsevents: 2.3.3
    dev: false

  /combined-stream@1.0.8:
    resolution: {integrity: sha1-w9RaizT9cwYxoRCoolIGgrMdWn8=}
    engines: {node: '>= 0.8'}
    dependencies:
      delayed-stream: 1.0.0
    dev: false

  /cookie@0.5.0:
    resolution: {integrity: sha1-0fXXGt7GVYxY84mYfDZqpH6ZT4s=}
    engines: {node: '>= 0.6'}
    dev: false

  /core-util-is@1.0.2:
    resolution: {integrity: sha1-tf1UIgqivFq1eqtxQMlAdUUDwac=}
    dev: false

  /css-select@5.1.0:
    resolution: {integrity: sha1-uOvWVUw2N8zHZoiAStP2pv2uqKY=}
    dependencies:
      boolbase: 1.0.0
      css-what: 6.1.0
      domhandler: 5.0.3
      domutils: 3.1.0
      nth-check: 2.1.1
    dev: false

  /css-what@6.1.0:
    resolution: {integrity: sha1-+17/z3bx3eosgb36pN5E55uscPQ=}
    engines: {node: '>= 6'}
    dev: false

  /dashdash@1.14.1:
    resolution: {integrity: sha1-hTz6D3y+L+1d4gMmuN1YEDX24vA=}
    engines: {node: '>=0.10'}
    dependencies:
      assert-plus: 1.0.0
    dev: false

  /data-uri-to-buffer@2.0.2:
    resolution: {integrity: sha1-0paXPVpIl6Xb4xcW0RghGSHwR3A=}
    dev: false

  /data-uri-to-buffer@4.0.1:
    resolution: {integrity: sha1-2P6ysogeak9YwuCKz9Dig04mIi4=}
    engines: {node: '>= 12'}
    dev: false

  /debug@4.3.4:
    resolution: {integrity: sha1-Exn2V5NX8jONMzfSzdSRS7XcyGU=}
    engines: {node: '>=6.0'}
    peerDependencies:
      supports-color: '*'
    peerDependenciesMeta:
      supports-color:
        optional: true
    dependencies:
      ms: 2.1.2

  /deep-eql@4.1.3:
    resolution: {integrity: sha1-fHd1UTCS99+Y2N+Zlt0IXrZozG0=}
    engines: {node: '>=6'}
    dependencies:
      type-detect: 4.0.8
    dev: true

  /delayed-stream@1.0.0:
    resolution: {integrity: sha1-3zrhmayt+31ECqrgsp4icrJOxhk=}
    engines: {node: '>=0.4.0'}
    dev: false

  /dom-serializer@2.0.0:
    resolution: {integrity: sha1-5BuALh7t+fbK4YPOXmIteJ19jlM=}
    dependencies:
      domelementtype: 2.3.0
      domhandler: 5.0.3
      entities: 4.5.0
    dev: false

  /domelementtype@2.3.0:
    resolution: {integrity: sha1-XEXo6GmVJiYzHXqrMm0B2vZdWJ0=}
    dev: false

  /domhandler@5.0.3:
    resolution: {integrity: sha1-zDhff3UfHR/GUMITdIBCVFOMfTE=}
    engines: {node: '>= 4'}
    dependencies:
      domelementtype: 2.3.0
    dev: false

  /domutils@3.1.0:
    resolution: {integrity: sha1-xH9VEnjT3EsLGrjLtC11Gm8Ngk4=}
    dependencies:
      dom-serializer: 2.0.0
      domelementtype: 2.3.0
      domhandler: 5.0.3
    dev: false

  /ecc-jsbn@0.1.2:
    resolution: {integrity: sha1-OoOpBOVDUyh4dMVkt1SThoSamMk=}
    dependencies:
      jsbn: 0.1.1
      safer-buffer: 2.1.2
    dev: false

  /entities@4.5.0:
    resolution: {integrity: sha1-XSaOpecRPsdMTQM7eepaNaSI+0g=}
    engines: {node: '>=0.12'}
    dev: false

  /esbuild@0.17.19:
    resolution: {integrity: sha1-CHpyfpgpnwRio9C83ZzX/xAL2VU=}
    engines: {node: '>=12'}
    hasBin: true
    requiresBuild: true
    optionalDependencies:
      '@esbuild/android-arm': 0.17.19
      '@esbuild/android-arm64': 0.17.19
      '@esbuild/android-x64': 0.17.19
      '@esbuild/darwin-arm64': 0.17.19
      '@esbuild/darwin-x64': 0.17.19
      '@esbuild/freebsd-arm64': 0.17.19
      '@esbuild/freebsd-x64': 0.17.19
      '@esbuild/linux-arm': 0.17.19
      '@esbuild/linux-arm64': 0.17.19
      '@esbuild/linux-ia32': 0.17.19
      '@esbuild/linux-loong64': 0.17.19
      '@esbuild/linux-mips64el': 0.17.19
      '@esbuild/linux-ppc64': 0.17.19
      '@esbuild/linux-riscv64': 0.17.19
      '@esbuild/linux-s390x': 0.17.19
      '@esbuild/linux-x64': 0.17.19
      '@esbuild/netbsd-x64': 0.17.19
      '@esbuild/openbsd-x64': 0.17.19
      '@esbuild/sunos-x64': 0.17.19
      '@esbuild/win32-arm64': 0.17.19
      '@esbuild/win32-ia32': 0.17.19
      '@esbuild/win32-x64': 0.17.19
    dev: false

  /esbuild@0.18.20:
    resolution: {integrity: sha1-Rwn1o0gBtDt5mrfW2C9yhKm3p6Y=}
    engines: {node: '>=12'}
    hasBin: true
    requiresBuild: true
    optionalDependencies:
      '@esbuild/android-arm': 0.18.20
      '@esbuild/android-arm64': 0.18.20
      '@esbuild/android-x64': 0.18.20
      '@esbuild/darwin-arm64': 0.18.20
      '@esbuild/darwin-x64': 0.18.20
      '@esbuild/freebsd-arm64': 0.18.20
      '@esbuild/freebsd-x64': 0.18.20
      '@esbuild/linux-arm': 0.18.20
      '@esbuild/linux-arm64': 0.18.20
      '@esbuild/linux-ia32': 0.18.20
      '@esbuild/linux-loong64': 0.18.20
      '@esbuild/linux-mips64el': 0.18.20
      '@esbuild/linux-ppc64': 0.18.20
      '@esbuild/linux-riscv64': 0.18.20
      '@esbuild/linux-s390x': 0.18.20
      '@esbuild/linux-x64': 0.18.20
      '@esbuild/netbsd-x64': 0.18.20
      '@esbuild/openbsd-x64': 0.18.20
      '@esbuild/sunos-x64': 0.18.20
      '@esbuild/win32-arm64': 0.18.20
      '@esbuild/win32-ia32': 0.18.20
      '@esbuild/win32-x64': 0.18.20
    dev: true

  /escape-string-regexp@4.0.0:
    resolution: {integrity: sha1-FLqDpdNz49MR5a/KKc9b+tllvzQ=}
    engines: {node: '>=10'}
    dev: false

  /estree-walker@0.6.1:
    resolution: {integrity: sha1-UwSRQ/QMbrkYsjZx0f4yGfOhs2I=}
    dev: false

  /exit-hook@2.2.1:
    resolution: {integrity: sha1-AHstksZCjtorducBajQ1FYaTRZM=}
    engines: {node: '>=6'}
    dev: false

  /extend@3.0.2:
    resolution: {integrity: sha1-+LETa0Bx+9jrFAr/hYsQGewpFfo=}
    dev: false

  /extsprintf@1.3.0:
    resolution: {integrity: sha1-lpGEQOMEGnpBT4xS48V06zw+HgU=}
    engines: {'0': node >=0.6.0}
    dev: false

  /fast-deep-equal@3.1.3:
    resolution: {integrity: sha1-On1WtVnWy8PrUSMlJE5hmmXGxSU=}
    dev: false

  /fast-json-stable-stringify@2.1.0:
    resolution: {integrity: sha1-h0v2nG9ATCtdmcSBNBOZ/VWJJjM=}
    dev: false

  /fetch-blob@3.2.0:
    resolution: {integrity: sha1-8JuNS71Frcbwwgt+eH55PjCdzOk=}
    engines: {node: ^12.20 || >= 14.13}
    dependencies:
      node-domexception: 1.0.0
      web-streams-polyfill: 3.2.1
    dev: false

  /fill-range@7.0.1:
    resolution: {integrity: sha1-GRmmp8df44ssfHflGYU12prN2kA=}
    engines: {node: '>=8'}
    dependencies:
      to-regex-range: 5.0.1
    dev: false

  /forever-agent@0.6.1:
    resolution: {integrity: sha1-+8cfDEGt6zf5bFd60e1C2P2sypE=}
    dev: false

  /form-data@2.3.3:
    resolution: {integrity: sha1-3M5SwF9kTymManq5Nr1yTO/786Y=}
    engines: {node: '>= 0.12'}
    dependencies:
      asynckit: 0.4.0
      combined-stream: 1.0.8
      mime-types: 2.1.35
    dev: false

  /formdata-polyfill@4.0.10:
    resolution: {integrity: sha1-JIB8McnUAuACqz2McgFEzriEhCM=}
    engines: {node: '>=12.20.0'}
    dependencies:
      fetch-blob: 3.2.0
    dev: false

  /fsevents@2.3.3:
    resolution: {integrity: sha1-ysZAd4XQNnWipeGlMFxpezR9kNY=}
    engines: {node: ^8.16.0 || ^10.6.0 || >=11.0.0}
    os: [darwin]
    requiresBuild: true
    optional: true

  /get-func-name@2.0.2:
    resolution: {integrity: sha1-DXzyDNE/2oCGaf+oj0/8ejlD/EE=}
    dev: true

  /get-source@2.0.12:
    resolution: {integrity: sha1-C0fVfqHlPODTpp9PPSd+uAR9qUQ=}
    dependencies:
      data-uri-to-buffer: 2.0.2
      source-map: 0.6.1
    dev: false

  /getpass@0.1.7:
    resolution: {integrity: sha1-Xv+OPmhNVprkyysSgmBOi6YhSfo=}
    dependencies:
      assert-plus: 1.0.0
    dev: false

  /glob-parent@5.1.2:
    resolution: {integrity: sha1-hpgyxYA0/mikCTwX3BXoNA2EAcQ=}
    engines: {node: '>= 6'}
    dependencies:
      is-glob: 4.0.3
    dev: false

  /glob-to-regexp@0.4.1:
    resolution: {integrity: sha1-x1KXCHyFG5pXi9IX3VmpL1n+VG4=}
    dev: false

  /har-schema@2.0.0:
    resolution: {integrity: sha1-qUwiJOvKwEeCoNkDVSHyRzW37JI=}
    engines: {node: '>=4'}
    dev: false

  /har-validator@5.1.5:
    resolution: {integrity: sha1-HwgDufjLIMD6E4It8ezds2veHv0=}
    engines: {node: '>=6'}
    dependencies:
      ajv: 6.12.6
      har-schema: 2.0.0
    dev: false

  /hono@2.7.8:
    resolution: {integrity: sha1-X2kWx/aDj+H5CfYEazDmoJAPMSg=}
    engines: {node: '>=16.0.0'}
    dev: false

  /htmlparser2@8.0.2:
    resolution: {integrity: sha1-8AIVFwWzg+YkM7XPRm9bcW7a7CE=}
    dependencies:
      domelementtype: 2.3.0
      domhandler: 5.0.3
      domutils: 3.1.0
      entities: 4.5.0
    dev: false

  /http-signature@1.2.0:
    resolution: {integrity: sha1-muzZJRFHcvPZW2WmCruPfBj7rOE=}
    engines: {node: '>=0.8', npm: '>=1.3.7'}
    dependencies:
      assert-plus: 1.0.0
      jsprim: 1.4.2
      sshpk: 1.18.0
    dev: false

  /is-binary-path@2.1.0:
    resolution: {integrity: sha1-6h9/O4DwZCNug0cPhsCcJU+0Wwk=}
    engines: {node: '>=8'}
    dependencies:
      binary-extensions: 2.2.0
    dev: false

  /is-extglob@2.1.1:
    resolution: {integrity: sha1-qIwCU1eR8C7TfHahueqXc8gz+MI=}
    engines: {node: '>=0.10.0'}
    dev: false

  /is-glob@4.0.3:
    resolution: {integrity: sha1-ZPYeQsu7LuwgcanawLKLoeZdUIQ=}
    engines: {node: '>=0.10.0'}
    dependencies:
      is-extglob: 2.1.1
    dev: false

  /is-number@7.0.0:
    resolution: {integrity: sha1-dTU0W4lnNNX4DE0GxQlVUnoU8Ss=}
    engines: {node: '>=0.12.0'}
    dev: false

  /is-typedarray@1.0.0:
    resolution: {integrity: sha1-5HnICFjfDBsR3dppQPlgEfzaSpo=}
    dev: false

  /isstream@0.1.2:
    resolution: {integrity: sha1-R+Y/evVa+m+S4VAOaQ64uFKcCZo=}
    dev: false

  /jsbn@0.1.1:
    resolution: {integrity: sha1-peZUwuWi3rXyAdls77yoDA7y9RM=}
    dev: false

  /json-schema-traverse@0.4.1:
    resolution: {integrity: sha1-afaofZUTq4u4/mO9sJecRI5oRmA=}
    dev: false

  /json-schema@0.4.0:
    resolution: {integrity: sha1-995M9u+rg4666zI2R0y7paGTCrU=}
    dev: false

  /json-stringify-safe@5.0.1:
    resolution: {integrity: sha1-Epai1Y/UXxmg9s4B1lcB4sc1tus=}
    dev: false

  /jsonc-parser@3.2.0:
    resolution: {integrity: sha1-Mf8/TCuXk/icZyEmJ8UcY5T4jnY=}
    dev: true

  /jsprim@1.4.2:
    resolution: {integrity: sha1-cSxlUzoVyHi6WentXw4m1bd8X+s=}
    engines: {node: '>=0.6.0'}
    dependencies:
      assert-plus: 1.0.0
      extsprintf: 1.3.0
      json-schema: 0.4.0
      verror: 1.10.0
    dev: false

  /local-pkg@0.4.3:
    resolution: {integrity: sha1-D/Nhqzrn8cGRE9m7l7mLkF28SWM=}
    engines: {node: '>=14'}
    dev: true

  /loupe@2.3.7:
    resolution: {integrity: sha1-bmm31Nt9OrQ2MoAT030cjDVAxpc=}
    dependencies:
      get-func-name: 2.0.2
    dev: true

  /magic-string@0.25.9:
    resolution: {integrity: sha1-3n+fr5HvihyR0CwuUxTIJ3283Rw=}
    dependencies:
      sourcemap-codec: 1.4.8
    dev: false

  /mime-db@1.52.0:
    resolution: {integrity: sha1-u6vNwChZ9JhzAchW4zh85exDv3A=}
    engines: {node: '>= 0.6'}
    dev: false

  /mime-types@2.1.35:
    resolution: {integrity: sha1-OBqHG2KnNEUGYK497uRIE/cNlZo=}
    engines: {node: '>= 0.6'}
    dependencies:
      mime-db: 1.52.0
    dev: false

  /mime@3.0.0:
    resolution: {integrity: sha1-s3RVDco6DBhEOwyVCmpY8ZMc96c=}
    engines: {node: '>=10.0.0'}
    hasBin: true
    dev: false

  /miniflare@3.20231016.0:
    resolution: {integrity: sha1-5mqH/ZWYD9d2I6BTlgv7txK6Fsg=}
    engines: {node: '>=16.13'}
    dependencies:
      acorn: 8.10.0
      acorn-walk: 8.2.0
      capnp-ts: 0.7.0
      exit-hook: 2.2.1
      glob-to-regexp: 0.4.1
      source-map-support: 0.5.21
      stoppable: 1.1.0
      undici: 5.26.5
      workerd: 1.20231016.0
      ws: 8.14.2
      youch: 3.3.2
      zod: 3.22.4
    transitivePeerDependencies:
      - bufferutil
      - supports-color
      - utf-8-validate
    dev: false

  /mlly@1.4.2:
    resolution: {integrity: sha1-fPQGqjGf9lY9JdprNmEKk/KoAH4=}
    dependencies:
      acorn: 8.10.0
      pathe: 1.1.1
      pkg-types: 1.0.3
      ufo: 1.3.1
    dev: true

  /ms@2.1.2:
    resolution: {integrity: sha1-0J0fNXtEP0kzgqjrPM0YOHKuYAk=}

  /mustache@4.2.0:
    resolution: {integrity: sha1-5YkjJNYKEuycKnM1ntylKXK/b2Q=}
    hasBin: true
    dev: false

  /nanoid@3.3.6:
    resolution: {integrity: sha1-RDOAyFbW6fmCQmfZYLQjatWD6kw=}
    engines: {node: ^10 || ^12 || ^13.7 || ^14 || >=15.0.1}
    hasBin: true

  /node-domexception@1.0.0:
    resolution: {integrity: sha1-aIjbRqH3HAt2s/dVUBa2P+ZHZuU=}
    engines: {node: '>=10.5.0'}
    dev: false

  /node-fetch@3.3.2:
    resolution: {integrity: sha1-0eiJus33M7T/OyskPrehKGagt4s=}
    engines: {node: ^12.20.0 || ^14.13.1 || >=16.0.0}
    dependencies:
      data-uri-to-buffer: 4.0.1
      fetch-blob: 3.2.0
      formdata-polyfill: 4.0.10
    dev: false

  /node-forge@1.3.1:
    resolution: {integrity: sha1-vo2iryQ7JBfV9kancGY6krfp3tM=}
    engines: {node: '>= 6.13.0'}
    dev: false

  /normalize-path@3.0.0:
    resolution: {integrity: sha1-Dc1p/yOhybEf0JeDFmRKA4ghamU=}
    engines: {node: '>=0.10.0'}
    dev: false

  /nth-check@2.1.1:
    resolution: {integrity: sha1-yeq0KO/842zWuSySS9sADvHx7R0=}
    dependencies:
      boolbase: 1.0.0
    dev: false

  /oauth-sign@0.9.0:
    resolution: {integrity: sha1-R6ewFrqmi1+g7PPe4IqFxnmsZFU=}
    dev: false

  /parse5-htmlparser2-tree-adapter@7.0.0:
    resolution: {integrity: sha1-I8LMIzvPCbt766i4pp1GsIxiwvE=}
    dependencies:
      domhandler: 5.0.3
      parse5: 7.1.2
    dev: false

  /parse5@7.1.2:
    resolution: {integrity: sha1-Bza+u/13eTgjJAojt/xeAQt/jjI=}
    dependencies:
      entities: 4.5.0
    dev: false

  /path-to-regexp@6.2.1:
    resolution: {integrity: sha1-1Uk01nmOueXvFOeveWLJRZBpGOU=}
    dev: false

  /pathe@0.2.0:
    resolution: {integrity: sha1-MP17vgoNkfDmC65iH10Z6eIlwzk=}
    dev: true

  /pathe@1.1.1:
    resolution: {integrity: sha1-HdMdOCuXS6aYCa3Jp6NH5l2Egpo=}
    dev: true

  /pathval@1.1.1:
    resolution: {integrity: sha1-hTTnenfOesWiUS6iHg/bj89sPY0=}
    dev: true

  /performance-now@2.1.0:
    resolution: {integrity: sha1-Ywn04OX6kT7BxpMHrjZLSzd8nns=}
    dev: false

  /picocolors@1.0.0:
    resolution: {integrity: sha1-y1vcdP8/UYkiNur3nWi8RFZKuBw=}
    dev: true

  /picomatch@2.3.1:
    resolution: {integrity: sha1-O6ODNzNkbZ0+SZWUbBNlpn+wekI=}
    engines: {node: '>=8.6'}
    dev: false

  /pkg-types@1.0.3:
    resolution: {integrity: sha1-mItCqxklTAFhTRP09los/HiA+Gg=}
    dependencies:
      jsonc-parser: 3.2.0
      mlly: 1.4.2
      pathe: 1.1.1
    dev: true

  /postcss@8.4.31:
    resolution: {integrity: sha1-krRRBQqfkU2mdVrzUr3AGSUIZW0=}
    engines: {node: ^10 || ^12 || >=14}
    dependencies:
      nanoid: 3.3.6
      picocolors: 1.0.0
      source-map-js: 1.0.2
    dev: true

  /printable-characters@1.0.42:
    resolution: {integrity: sha1-Pxjpd6m9jrN/zE/1ZZ176Qhos9g=}
    dev: false

  /psl@1.9.0:
    resolution: {integrity: sha1-0N8qE38AeUVl/K87LADNCfjVpac=}
    dev: false

  /punycode@2.3.0:
    resolution: {integrity: sha1-9n+mfJTaj00M//mBruQRgGQZm48=}
    engines: {node: '>=6'}
    dev: false

  /qs@6.5.3:
    resolution: {integrity: sha1-Ou7/yRln7241wOSI70b7KWq3aq0=}
    engines: {node: '>=0.6'}
    dev: false

  /readdirp@3.6.0:
    resolution: {integrity: sha1-dKNwvYVxFuJFspzJc0DNQxoCpsc=}
    engines: {node: '>=8.10.0'}
    dependencies:
      picomatch: 2.3.1
    dev: false

  /request@2.88.2:
    resolution: {integrity: sha1-1zyRhzHLWofaBH4gcjQUb2ZNErM=}
    engines: {node: '>= 6'}
    dependencies:
      aws-sign2: 0.7.0
      aws4: 1.12.0
      caseless: 0.12.0
      combined-stream: 1.0.8
      extend: 3.0.2
      forever-agent: 0.6.1
      form-data: 2.3.3
      har-validator: 5.1.5
      http-signature: 1.2.0
      is-typedarray: 1.0.0
      isstream: 0.1.2
      json-stringify-safe: 5.0.1
      mime-types: 2.1.35
      oauth-sign: 0.9.0
      performance-now: 2.1.0
      qs: 6.5.3
      safe-buffer: 5.2.1
      tough-cookie: 2.5.0
      tunnel-agent: 0.6.0
      uuid: 3.4.0
    dev: false

  /rollup-plugin-inject@3.0.2:
    resolution: {integrity: sha1-5CM4Vb+6bAwSoxL9Zknf+aE+6fQ=}
    dependencies:
      estree-walker: 0.6.1
      magic-string: 0.25.9
      rollup-pluginutils: 2.8.2
    dev: false

  /rollup-plugin-node-polyfills@0.2.1:
    resolution: {integrity: sha1-UwkqJ0SDcWTVuKKIErpfP/YRCf0=}
    dependencies:
      rollup-plugin-inject: 3.0.2
    dev: false

  /rollup-pluginutils@2.8.2:
    resolution: {integrity: sha1-cvKvB0i1kjZNvTOJ5gDlqURKNR4=}
    dependencies:
      estree-walker: 0.6.1
    dev: false

  /rollup@3.29.4:
    resolution: {integrity: sha1-TXDA+YNBRt+HBb+2mpoZyeEQmYE=}
    engines: {node: '>=14.18.0', npm: '>=8.0.0'}
    hasBin: true
    optionalDependencies:
      fsevents: 2.3.3
    dev: true

  /safe-buffer@5.2.1:
    resolution: {integrity: sha1-Hq+fqb2x/dTsdfWPnNtOa3gn7sY=}
    dev: false

  /safer-buffer@2.1.2:
    resolution: {integrity: sha1-RPoWGwGHuVSd2Eu5GAL5vYOFzWo=}
    dev: false

  /selfsigned@2.1.1:
    resolution: {integrity: sha1-GKdhPXFMDNM4XEivAHWr8/Jmr2E=}
    engines: {node: '>=10'}
    dependencies:
      node-forge: 1.3.1
    dev: false

  /siginfo@2.0.0:
    resolution: {integrity: sha1-MudscLeXJOO7Vny51UPrhYzPrzA=}
    dev: true

  /source-map-js@1.0.2:
    resolution: {integrity: sha1-rbw2HZxi3zgBJefxYfccgm8eSQw=}
    engines: {node: '>=0.10.0'}
    dev: true

  /source-map-support@0.5.21:
    resolution: {integrity: sha1-BP58f54e0tZiIzwoyys1ufY/bk8=}
    dependencies:
      buffer-from: 1.1.2
      source-map: 0.6.1

  /source-map@0.6.1:
    resolution: {integrity: sha1-dHIq8y6WFOnCh6jQu95IteLxomM=}
    engines: {node: '>=0.10.0'}

  /sourcemap-codec@1.4.8:
    resolution: {integrity: sha1-6oBL2UhXQC5pktBaOO8a41qatMQ=}
    dev: false

  /sshpk@1.18.0:
    resolution: {integrity: sha1-FmPlXN301oi4aka3fw1f42OroCg=}
    engines: {node: '>=0.10.0'}
    hasBin: true
    dependencies:
      asn1: 0.2.6
      assert-plus: 1.0.0
      bcrypt-pbkdf: 1.0.2
      dashdash: 1.14.1
      ecc-jsbn: 0.1.2
      getpass: 0.1.7
      jsbn: 0.1.1
      safer-buffer: 2.1.2
      tweetnacl: 0.14.5
    dev: false

  /stackback@0.0.2:
    resolution: {integrity: sha1-Gsig2Ug4SNFpXkGLbQMaPDzmjjs=}
    dev: true

  /stacktracey@2.1.8:
    resolution: {integrity: sha1-v5kWAgc4zjcA0TI7Mr0skepxGZ0=}
    dependencies:
      as-table: 1.0.55
      get-source: 2.0.12
    dev: false

  /std-env@3.4.3:
    resolution: {integrity: sha1-Mm8R21GNt1HIP9WFdPRJt8MGCRA=}
    dev: true

  /stoppable@1.1.0:
    resolution: {integrity: sha1-MtpWjoPqSIsI5NfqLDvMnXUBXVs=}
    engines: {node: '>=4', npm: '>=6'}
    dev: false

  /strip-literal@1.3.0:
    resolution: {integrity: sha1-2zlCwuwWmeaDatIwCQuEu0WOOgc=}
    dependencies:
      acorn: 8.10.0
    dev: true

  /tinybench@2.5.1:
    resolution: {integrity: sha1-NAj2VSEl5TpaSK3uMSYWhv1xWH4=}
    dev: true

  /tinypool@0.3.1:
    resolution: {integrity: sha1-qZwuRGq6m+BdPhy3Vtau169HI7Y=}
    engines: {node: '>=14.0.0'}
    dev: true

  /tinyspy@1.1.1:
    resolution: {integrity: sha1-DLkdUVeJKvOMstIX9cfoUHpb8JI=}
    engines: {node: '>=14.0.0'}
    dev: true

  /to-regex-range@5.0.1:
    resolution: {integrity: sha1-FkjESq58jZiKMmAY7XL1tN0DkuQ=}
    engines: {node: '>=8.0'}
    dependencies:
      is-number: 7.0.0
    dev: false

  /tough-cookie@2.5.0:
    resolution: {integrity: sha1-zZ+yoKodWhK0c72fuW+j3P9lreI=}
    engines: {node: '>=0.8'}
    dependencies:
      psl: 1.9.0
      punycode: 2.3.0
    dev: false

  /tslib@2.6.2:
    resolution: {integrity: sha1-cDrClCXns3zW/UVukkBNRtHz5K4=}
    dev: false

  /tunnel-agent@0.6.0:
    resolution: {integrity: sha1-J6XeoGs2sEoKmWZ3SykIaPD8QP0=}
    dependencies:
      safe-buffer: 5.2.1
    dev: false

  /tweetnacl@0.14.5:
    resolution: {integrity: sha1-WuaBd/GS1EViadEIr6k/+HQ/T2Q=}
    dev: false

  /type-detect@4.0.8:
    resolution: {integrity: sha1-dkb7XxiHHPu3dJ5pvTmmOI63RQw=}
    engines: {node: '>=4'}
    dev: true

  /ufo@1.3.1:
    resolution: {integrity: sha1-4IWEL0YnxB1MG2Dr6h91zatM6Gs=}
    dev: true

  /undici-types@5.25.3:
    resolution: {integrity: sha1-4EQRWRTIXwvLsinzRqtznwZJmMM=}
    dev: true

  /undici@5.26.5:
    resolution: {integrity: sha1-9tyMVl48rYxEdbGH9RoT5QUJKDg=}
    engines: {node: '>=14.0'}
    dependencies:
      '@fastify/busboy': 2.0.0
    dev: false

  /uri-js@4.4.1:
    resolution: {integrity: sha1-mxpSWVIlhZ5V9mnZKPiMbFfyp34=}
    dependencies:
      punycode: 2.3.0
    dev: false

  /uuid@3.4.0:
    resolution: {integrity: sha1-sj5DWK+oogL+ehAK8fX4g/AgB+4=}
    hasBin: true
    dev: false

  /verror@1.10.0:
    resolution: {integrity: sha1-OhBcoXBTr1XW4nDB+CiGguGNpAA=}
    engines: {'0': node >=0.6.0}
    dependencies:
      assert-plus: 1.0.0
      core-util-is: 1.0.2
      extsprintf: 1.3.0
    dev: false

  /vite-node@0.27.3(@types/node@20.8.8):
    resolution: {integrity: sha1-Vrgjt/RbF/buRc03Ro6GmnkV/1o=}
    engines: {node: '>=v14.16.0'}
    hasBin: true
    dependencies:
      cac: 6.7.14
      debug: 4.3.4
      mlly: 1.4.2
      pathe: 0.2.0
      picocolors: 1.0.0
      source-map: 0.6.1
      source-map-support: 0.5.21
      vite: 4.5.0(@types/node@20.8.8)
    transitivePeerDependencies:
      - '@types/node'
      - less
      - lightningcss
      - sass
      - stylus
      - sugarss
      - supports-color
      - terser
    dev: true

  /vite@4.5.0(@types/node@20.8.8):
    resolution: {integrity: sha1-7EBilbQWesO8I+JvnI/1WSh8/yY=}
    engines: {node: ^14.18.0 || >=16.0.0}
    hasBin: true
    peerDependencies:
      '@types/node': '>= 14'
      less: '*'
      lightningcss: ^1.21.0
      sass: '*'
      stylus: '*'
      sugarss: '*'
      terser: ^5.4.0
    peerDependenciesMeta:
      '@types/node':
        optional: true
      less:
        optional: true
      lightningcss:
        optional: true
      sass:
        optional: true
      stylus:
        optional: true
      sugarss:
        optional: true
      terser:
        optional: true
    dependencies:
      '@types/node': 20.8.8
      esbuild: 0.18.20
      postcss: 8.4.31
      rollup: 3.29.4
    optionalDependencies:
      fsevents: 2.3.3
    dev: true

  /vitest@0.27.3:
    resolution: {integrity: sha1-IHUpyjWUOVbjFBsnCsAdzGNaicM=}
    engines: {node: '>=v14.16.0'}
    hasBin: true
    peerDependencies:
      '@edge-runtime/vm': '*'
      '@vitest/browser': '*'
      '@vitest/ui': '*'
      happy-dom: '*'
      jsdom: '*'
    peerDependenciesMeta:
      '@edge-runtime/vm':
        optional: true
      '@vitest/browser':
        optional: true
      '@vitest/ui':
        optional: true
      happy-dom:
        optional: true
      jsdom:
        optional: true
    dependencies:
      '@types/chai': 4.3.9
      '@types/chai-subset': 1.3.4
      '@types/node': 20.8.8
      acorn: 8.10.0
      acorn-walk: 8.2.0
      cac: 6.7.14
      chai: 4.3.10
      debug: 4.3.4
      local-pkg: 0.4.3
      picocolors: 1.0.0
      source-map: 0.6.1
      std-env: 3.4.3
      strip-literal: 1.3.0
      tinybench: 2.5.1
      tinypool: 0.3.1
      tinyspy: 1.1.1
      vite: 4.5.0(@types/node@20.8.8)
      vite-node: 0.27.3(@types/node@20.8.8)
      why-is-node-running: 2.2.2
    transitivePeerDependencies:
      - less
      - lightningcss
      - sass
      - stylus
      - sugarss
      - supports-color
      - terser
    dev: true

  /web-streams-polyfill@3.2.1:
    resolution: {integrity: sha1-ccJxjFK0X9Sdvu6IY0s6YM6rQqY=}
    engines: {node: '>= 8'}
    dev: false

  /why-is-node-running@2.2.2:
    resolution: {integrity: sha1-QYWytGmRF4GecVRZQnHn40TJlz4=}
    engines: {node: '>=8'}
    hasBin: true
    dependencies:
      siginfo: 2.0.0
      stackback: 0.0.2
    dev: true

  /workerd@1.20231016.0:
    resolution: {integrity: sha1-pxktisU4piwHTyqUfSIKe6yMXDQ=}
    engines: {node: '>=16'}
    hasBin: true
    requiresBuild: true
    optionalDependencies:
      '@cloudflare/workerd-darwin-64': 1.20231016.0
      '@cloudflare/workerd-darwin-arm64': 1.20231016.0
      '@cloudflare/workerd-linux-64': 1.20231016.0
      '@cloudflare/workerd-linux-arm64': 1.20231016.0
      '@cloudflare/workerd-windows-64': 1.20231016.0
    dev: false

  /wrangler@3.14.0:
    resolution: {integrity: sha1-NSv7PkiGJP7FWSSoupgP8eLPvpI=}
    engines: {node: '>=16.13.0'}
    hasBin: true
    dependencies:
      '@cloudflare/kv-asset-handler': 0.2.0
      '@esbuild-plugins/node-globals-polyfill': 0.2.3(esbuild@0.17.19)
      '@esbuild-plugins/node-modules-polyfill': 0.2.2(esbuild@0.17.19)
      blake3-wasm: 2.1.5
      chokidar: 3.5.3
      esbuild: 0.17.19
      miniflare: 3.20231016.0
      nanoid: 3.3.6
      path-to-regexp: 6.2.1
      selfsigned: 2.1.1
      source-map: 0.6.1
      source-map-support: 0.5.21
      xxhash-wasm: 1.0.2
    optionalDependencies:
      fsevents: 2.3.3
    transitivePeerDependencies:
      - bufferutil
      - supports-color
      - utf-8-validate
    dev: false

  /ws@8.14.2:
    resolution: {integrity: sha1-bCSagG6y23og0m1R53Ceq3subH8=}
    engines: {node: '>=10.0.0'}
    peerDependencies:
      bufferutil: ^4.0.1
      utf-8-validate: '>=5.0.2'
    peerDependenciesMeta:
      bufferutil:
        optional: true
      utf-8-validate:
        optional: true
    dev: false

  /xxhash-wasm@1.0.2:
    resolution: {integrity: sha1-7MD4EyGbcnr01fOVjKa+zuLy8f8=}
    dev: false

  /youch@3.3.2:
    resolution: {integrity: sha1-oNroaOyx8/aInkgTHELIjWnusSM=}
    dependencies:
      cookie: 0.5.0
      mustache: 4.2.0
      stacktracey: 2.1.8
    dev: false

  /zod@3.22.4:
    resolution: {integrity: sha1-8xw6k4b2Gx8iivVvqpJV6EXPP/8=}
    dev: false
